
Microsoft Visual Studio Solution File, Format Version 12.00
# Visual Studio 2013
VisualStudioVersion = 12.0.40629.0
MinimumVisualStudioVersion = 10.0.40219.1
Project("{FAE04EC0-301F-11D3-BF4B-00C04F79EFBC}") = "PPTConsola", "PPTConsola\PPTConsola.csproj", "{9DEDA705-4BBF-47DB-83DD-6FA5AA0BC58D}"
EndProject
Project("{FAE04EC0-301F-11D3-BF4B-00C04F79EFBC}") = "DAL", "DAL\DAL.csproj", "{513D6D55-6756-442B-B478-E52DE2FE7487}"
EndProject
Project("{FAE04EC0-301F-11D3-BF4B-00C04F79EFBC}") = "BLL", "BLL\BLL.csproj", "{55AAD508-9CD7-4017-9FA3-37868F239484}"
EndProject
Project("{FAE04EC0-301F-11D3-BF4B-00C04F79EFBC}") = "Entities", "Entities\Entities.csproj", "{4D766990-0806-4997-AF9D-C1A1D7195D7B}"
EndProject
Project("{FAE04EC0-301F-11D3-BF4B-00C04F79EFBC}") = "AspNetIdentity", "AspNetIdentity\AspNetIdentity.csproj", "{5843F20C-564D-4DB4-AB11-DAF147B1B567}"
EndProject
Global
	GlobalSection(SolutionConfigurationPlatforms) = preSolution
		Debug|Any CPU = Debug|Any CPU
		Release|Any CPU = Release|Any CPU
	EndGlobalSection
	GlobalSection(ProjectConfigurationPlatforms) = postSolution
		{9DEDA705-4BBF-47DB-83DD-6FA5AA0BC58D}.Debug|Any CPU.ActiveCfg = Debug|Any CPU
		{9DEDA705-4BBF-47DB-83DD-6FA5AA0BC58D}.Debug|Any CPU.Build.0 = Debug|Any CPU
		{9DEDA705-4BBF-47DB-83DD-6FA5AA0BC58D}.Release|Any CPU.ActiveCfg = Release|Any CPU
		{9DEDA705-4BBF-47DB-83DD-6FA5AA0BC58D}.Release|Any CPU.Build.0 = Release|Any CPU
		{513D6D55-6756-442B-B478-E52DE2FE7487}.Debug|Any CPU.ActiveCfg = Debug|Any CPU
		{513D6D55-6756-442B-B478-E52DE2FE7487}.Debug|Any CPU.Build.0 = Debug|Any CPU
		{513D6D55-6756-442B-B478-E52DE2FE7487}.Release|Any CPU.ActiveCfg = Release|Any CPU
		{513D6D55-6756-442B-B478-E52DE2FE7487}.Release|Any CPU.Build.0 = Release|Any CPU
		{55AAD508-9CD7-4017-9FA3-37868F239484}.Debug|Any CPU.ActiveCfg = Debug|Any CPU
		{55AAD508-9CD7-4017-9FA3-37868F239484}.Debug|Any CPU.Build.0 = Debug|Any CPU
		{55AAD508-9CD7-4017-9FA3-37868F239484}.Release|Any CPU.ActiveCfg = Release|Any CPU
		{55AAD508-9CD7-4017-9FA3-37868F239484}.Release|Any CPU.Build.0 = Release|Any CPU
		{4D766990-0806-4997-AF9D-C1A1D7195D7B}.Debug|Any CPU.ActiveCfg = Debug|Any CPU
		{4D766990-0806-4997-AF9D-C1A1D7195D7B}.Debug|Any CPU.Build.0 = Debug|Any CPU
		{4D766990-0806-4997-AF9D-C1A1D7195D7B}.Release|Any CPU.ActiveCfg = Release|Any CPU
		{4D766990-0806-4997-AF9D-C1A1D7195D7B}.Release|Any CPU.Build.0 = Release|Any CPU
		{5843F20C-564D-4DB4-AB11-DAF147B1B567}.Debug|Any CPU.ActiveCfg = Debug|Any CPU
		{5843F20C-564D-4DB4-AB11-DAF147B1B567}.Debug|Any CPU.Build.0 = Debug|Any CPU
		{5843F20C-564D-4DB4-AB11-DAF147B1B567}.Release|Any CPU.ActiveCfg = Release|Any CPU
		{5843F20C-564D-4DB4-AB11-DAF147B1B567}.Release|Any CPU.Build.0 = Release|Any CPU
	EndGlobalSection
	GlobalSection(SolutionProperties) = preSolution
		HideSolutionNode = FALSE
	EndGlobalSection
EndGlobal
